{
  "originHash" : "05cc3487cfddd75191e5626c79ea9b126f0687081e04bd7f9f63f10fd9034134",
  "pins" : [
    {
      "identity" : "grdb.swift",
      "kind" : "remoteSourceControl",
      "location" : "https://github.com/groue/GRDB.swift.git",
      "state" : {
        "revision" : "b83108d10f42680d78f23fe4d4d80fc88dab3212",
        "version" : "7.11.1"
      }
    },
    {
      "identity" : "swift-fsrs",
      "kind" : "remoteSourceControl",
      "location" : "https://github.com/open-spaced-repetition/swift-fsrs.git",
      "state" : {
        "revision" : "4fbaf20184d62f82a9f44f343337c61a2c5483e9"
      }
    }
  ],
  "version" : 3
}
